
Microsoft Visual Studio Solution File, Format Version 12.00
# Visual Studio Version 16
VisualStudioVersion = 16.0.31702.278
MinimumVisualStudioVersion = 10.0.40219.1
Project("{FAE04EC0-301F-11D3-BF4B-00C04F79EFBC}") = "y", "y.csproj", "{DB22A5CD-6BB2-4DFC-95E1-A48616293233}"
EndProject
Global
	GlobalSection(SolutionConfigurationPlatforms) = preSolution
		Debug|Any CPU = Debug|Any CPU
		Release|Any CPU = Release|Any CPU
	EndGlobalSection
	GlobalSection(ProjectConfigurationPlatforms) = postSolution
		{DB22A5CD-6BB2-4DFC-95E1-A48616293233}.Debug|Any CPU.ActiveCfg = Debug|Any CPU
		{DB22A5CD-6BB2-4DFC-95E1-A48616293233}.Debug|Any CPU.Build.0 = Debug|Any CPU
		{DB22A5CD-6BB2-4DFC-95E1-A48616293233}.Release|Any CPU.ActiveCfg = Release|Any CPU
		{DB22A5CD-6BB2-4DFC-95E1-A48616293233}.Release|Any CPU.Build.0 = Release|Any CPU
	EndGlobalSection
	GlobalSection(SolutionProperties) = preSolution
		HideSolutionNode = FALSE
	EndGlobalSection
	GlobalSection(ExtensibilityGlobals) = postSolution
		SolutionGuid = {04C92523-3BBB-4976-BAF0-E4BC8D466CEE}
	EndGlobalSection
EndGlobal
